
Microsoft Visual Studio Solution File, Format Version 12.00
# Visual Studio Version 16
VisualStudioVersion = 16.0.29324.140
MinimumVisualStudioVersion = 10.0.40219.1
Project("{FAE04EC0-301F-11D3-BF4B-00C04F79EFBC}") = "SnakeGame", "SnakeGame\SnakeGame.csproj", "{51E30FE0-4087-4309-BCE4-CDEC0776E428}"
EndProject
Global
	GlobalSection(SolutionConfigurationPlatforms) = preSolution
		Debug|Any CPU = Debug|Any CPU
		Release|Any CPU = Release|Any CPU
	EndGlobalSection
	GlobalSection(ProjectConfigurationPlatforms) = postSolution
		{51E30FE0-4087-4309-BCE4-CDEC0776E428}.Debug|Any CPU.ActiveCfg = Debug|Any CPU
		{51E30FE0-4087-4309-BCE4-CDEC0776E428}.Debug|Any CPU.Build.0 = Debug|Any CPU
		{51E30FE0-4087-4309-BCE4-CDEC0776E428}.Release|Any CPU.ActiveCfg = Release|Any CPU
		{51E30FE0-4087-4309-BCE4-CDEC0776E428}.Release|Any CPU.Build.0 = Release|Any CPU
	EndGlobalSection
	GlobalSection(SolutionProperties) = preSolution
		HideSolutionNode = FALSE
	EndGlobalSection
	GlobalSection(ExtensibilityGlobals) = postSolution
		SolutionGuid = {D22915A6-B7FB-42B3-945F-1C459A2812D3}
	EndGlobalSection
EndGlobal
